
Microsoft Visual Studio Solution File, Format Version 12.00
# Visual Studio Version 16
VisualStudioVersion = 16.0.33130.400
MinimumVisualStudioVersion = 10.0.40219.1
Project("{FAE04EC0-301F-11D3-BF4B-00C04F79EFBC}") = "A6_berrios_sean.Android", "A6_berrios_sean.Android\A6_berrios_sean.Android.csproj", "{61F1AB6C-7F67-4DBD-BF70-9FE5560D0039}"
EndProject
Project("{FAE04EC0-301F-11D3-BF4B-00C04F79EFBC}") = "A6_berrios_sean", "A6_berrios_sean\A6_berrios_sean.csproj", "{27263714-A7D2-4263-92A1-446DE1D733F8}"
EndProject
Global
	GlobalSection(SolutionConfigurationPlatforms) = preSolution
		Debug|Any CPU = Debug|Any CPU
		Release|Any CPU = Release|Any CPU
	EndGlobalSection
	GlobalSection(ProjectConfigurationPlatforms) = postSolution
		{61F1AB6C-7F67-4DBD-BF70-9FE5560D0039}.Debug|Any CPU.ActiveCfg = Debug|Any CPU
		{61F1AB6C-7F67-4DBD-BF70-9FE5560D0039}.Debug|Any CPU.Build.0 = Debug|Any CPU
		{61F1AB6C-7F67-4DBD-BF70-9FE5560D0039}.Debug|Any CPU.Deploy.0 = Debug|Any CPU
		{61F1AB6C-7F67-4DBD-BF70-9FE5560D0039}.Release|Any CPU.ActiveCfg = Release|Any CPU
		{61F1AB6C-7F67-4DBD-BF70-9FE5560D0039}.Release|Any CPU.Build.0 = Release|Any CPU
		{61F1AB6C-7F67-4DBD-BF70-9FE5560D0039}.Release|Any CPU.Deploy.0 = Release|Any CPU
		{27263714-A7D2-4263-92A1-446DE1D733F8}.Debug|Any CPU.ActiveCfg = Debug|Any CPU
		{27263714-A7D2-4263-92A1-446DE1D733F8}.Debug|Any CPU.Build.0 = Debug|Any CPU
		{27263714-A7D2-4263-92A1-446DE1D733F8}.Debug|Any CPU.Deploy.0 = Debug|Any CPU
		{27263714-A7D2-4263-92A1-446DE1D733F8}.Release|Any CPU.ActiveCfg = Release|Any CPU
		{27263714-A7D2-4263-92A1-446DE1D733F8}.Release|Any CPU.Build.0 = Release|Any CPU
		{27263714-A7D2-4263-92A1-446DE1D733F8}.Release|Any CPU.Deploy.0 = Release|Any CPU
	EndGlobalSection
	GlobalSection(SolutionProperties) = preSolution
		HideSolutionNode = FALSE
	EndGlobalSection
	GlobalSection(ExtensibilityGlobals) = postSolution
		SolutionGuid = {A16A1CBE-8812-44D0-808F-E53C465369DE}
	EndGlobalSection
EndGlobal
