
Microsoft Visual Studio Solution File, Format Version 12.00
# Visual Studio Version 16
VisualStudioVersion = 16.0.33130.400
MinimumVisualStudioVersion = 10.0.40219.1
Project("{FAE04EC0-301F-11D3-BF4B-00C04F79EFBC}") = "selfHostingService", "selfHostingService.csproj", "{2D197B6E-3137-4E2F-A850-70AC53D5DD8F}"
EndProject
Project("{FAE04EC0-301F-11D3-BF4B-00C04F79EFBC}") = "selfHostingClient", "selfHostingClient\selfHostingClient.csproj", "{6A3AA66B-C543-4554-854F-583E4F9254BB}"
EndProject
Global
	GlobalSection(SolutionConfigurationPlatforms) = preSolution
		Debug|Any CPU = Debug|Any CPU
		Release|Any CPU = Release|Any CPU
	EndGlobalSection
	GlobalSection(ProjectConfigurationPlatforms) = postSolution
		{2D197B6E-3137-4E2F-A850-70AC53D5DD8F}.Debug|Any CPU.ActiveCfg = Debug|Any CPU
		{2D197B6E-3137-4E2F-A850-70AC53D5DD8F}.Debug|Any CPU.Build.0 = Debug|Any CPU
		{2D197B6E-3137-4E2F-A850-70AC53D5DD8F}.Release|Any CPU.ActiveCfg = Release|Any CPU
		{2D197B6E-3137-4E2F-A850-70AC53D5DD8F}.Release|Any CPU.Build.0 = Release|Any CPU
		{6A3AA66B-C543-4554-854F-583E4F9254BB}.Debug|Any CPU.ActiveCfg = Debug|Any CPU
		{6A3AA66B-C543-4554-854F-583E4F9254BB}.Debug|Any CPU.Build.0 = Debug|Any CPU
		{6A3AA66B-C543-4554-854F-583E4F9254BB}.Release|Any CPU.ActiveCfg = Release|Any CPU
		{6A3AA66B-C543-4554-854F-583E4F9254BB}.Release|Any CPU.Build.0 = Release|Any CPU
	EndGlobalSection
	GlobalSection(SolutionProperties) = preSolution
		HideSolutionNode = FALSE
	EndGlobalSection
	GlobalSection(ExtensibilityGlobals) = postSolution
		SolutionGuid = {CCEE931F-38F2-4990-BCB0-0219F0126686}
	EndGlobalSection
EndGlobal
