
Microsoft Visual Studio Solution File, Format Version 12.00
# Visual Studio Version 16
VisualStudioVersion = 16.0.33130.400
MinimumVisualStudioVersion = 10.0.40219.1
Project("{E24C65DC-7377-472B-9ABA-BC803B73C61A}") = "restfulTest2", ".", "{739AF59A-FD6E-49E4-8892-A7912006E388}"
	ProjectSection(WebsiteProperties) = preProject
		TargetFrameworkMoniker = ".NETFramework,Version%3Dv4.7.2"
		Debug.AspNetCompiler.VirtualPath = "/localhost_60607"
		Debug.AspNetCompiler.PhysicalPath = "..\restfulTest2\"
		Debug.AspNetCompiler.TargetPath = "PrecompiledWeb\localhost_60607\"
		Debug.AspNetCompiler.Updateable = "true"
		Debug.AspNetCompiler.ForceOverwrite = "true"
		Debug.AspNetCompiler.FixedNames = "false"
		Debug.AspNetCompiler.Debug = "True"
		Release.AspNetCompiler.VirtualPath = "/localhost_60607"
		Release.AspNetCompiler.PhysicalPath = "..\restfulTest2\"
		Release.AspNetCompiler.TargetPath = "PrecompiledWeb\localhost_60607\"
		Release.AspNetCompiler.Updateable = "true"
		Release.AspNetCompiler.ForceOverwrite = "true"
		Release.AspNetCompiler.FixedNames = "false"
		Release.AspNetCompiler.Debug = "False"
		VWDPort = "60607"
		SlnRelativePath = "..\restfulTest2\"
		DefaultWebSiteLanguage = "Visual C#"
	EndProjectSection
EndProject
Global
	GlobalSection(SolutionConfigurationPlatforms) = preSolution
		Debug|Any CPU = Debug|Any CPU
	EndGlobalSection
	GlobalSection(ProjectConfigurationPlatforms) = postSolution
		{739AF59A-FD6E-49E4-8892-A7912006E388}.Debug|Any CPU.ActiveCfg = Debug|Any CPU
		{739AF59A-FD6E-49E4-8892-A7912006E388}.Debug|Any CPU.Build.0 = Debug|Any CPU
	EndGlobalSection
	GlobalSection(SolutionProperties) = preSolution
		HideSolutionNode = FALSE
	EndGlobalSection
	GlobalSection(ExtensibilityGlobals) = postSolution
		SolutionGuid = {8E8034E4-5208-4988-BD4C-FADC13881A5C}
	EndGlobalSection
EndGlobal
