
Microsoft Visual Studio Solution File, Format Version 12.00
# Visual Studio Version 16
VisualStudioVersion = 16.0.33130.400
MinimumVisualStudioVersion = 10.0.40219.1
Project("{FAE04EC0-301F-11D3-BF4B-00C04F79EFBC}") = "A2BerriosSean", "A2BerriosSean.csproj", "{732AE7AB-78DF-4099-BC73-0EA99223CA52}"
EndProject
Project("{FAE04EC0-301F-11D3-BF4B-00C04F79EFBC}") = "webAppHTML5Client", "webAppHTML5Client\webAppHTML5Client.csproj", "{C2EAAF4A-9C51-45DF-BB07-3D84ED6B65F6}"
EndProject
Global
	GlobalSection(SolutionConfigurationPlatforms) = preSolution
		Debug|Any CPU = Debug|Any CPU
		Release|Any CPU = Release|Any CPU
	EndGlobalSection
	GlobalSection(ProjectConfigurationPlatforms) = postSolution
		{732AE7AB-78DF-4099-BC73-0EA99223CA52}.Debug|Any CPU.ActiveCfg = Debug|Any CPU
		{732AE7AB-78DF-4099-BC73-0EA99223CA52}.Debug|Any CPU.Build.0 = Debug|Any CPU
		{732AE7AB-78DF-4099-BC73-0EA99223CA52}.Release|Any CPU.ActiveCfg = Release|Any CPU
		{732AE7AB-78DF-4099-BC73-0EA99223CA52}.Release|Any CPU.Build.0 = Release|Any CPU
		{C2EAAF4A-9C51-45DF-BB07-3D84ED6B65F6}.Debug|Any CPU.ActiveCfg = Debug|Any CPU
		{C2EAAF4A-9C51-45DF-BB07-3D84ED6B65F6}.Debug|Any CPU.Build.0 = Debug|Any CPU
		{C2EAAF4A-9C51-45DF-BB07-3D84ED6B65F6}.Release|Any CPU.ActiveCfg = Release|Any CPU
		{C2EAAF4A-9C51-45DF-BB07-3D84ED6B65F6}.Release|Any CPU.Build.0 = Release|Any CPU
	EndGlobalSection
	GlobalSection(SolutionProperties) = preSolution
		HideSolutionNode = FALSE
	EndGlobalSection
	GlobalSection(ExtensibilityGlobals) = postSolution
		SolutionGuid = {87C3D4B4-631C-4A96-96B7-DE7D1B38533B}
	EndGlobalSection
EndGlobal
