
Microsoft Visual Studio Solution File, Format Version 12.00
# Visual Studio Version 16
VisualStudioVersion = 16.0.33130.400
MinimumVisualStudioVersion = 10.0.40219.1
Project("{FAE04EC0-301F-11D3-BF4B-00C04F79EFBC}") = "a7BerriosSean", "a7BerriosSean.csproj", "{3E1D1B3C-E7D4-4865-9DEE-D8A1AE087E71}"
EndProject
Global
	GlobalSection(SolutionConfigurationPlatforms) = preSolution
		Debug|Any CPU = Debug|Any CPU
		Release|Any CPU = Release|Any CPU
	EndGlobalSection
	GlobalSection(ProjectConfigurationPlatforms) = postSolution
		{3E1D1B3C-E7D4-4865-9DEE-D8A1AE087E71}.Debug|Any CPU.ActiveCfg = Debug|Any CPU
		{3E1D1B3C-E7D4-4865-9DEE-D8A1AE087E71}.Debug|Any CPU.Build.0 = Debug|Any CPU
		{3E1D1B3C-E7D4-4865-9DEE-D8A1AE087E71}.Release|Any CPU.ActiveCfg = Release|Any CPU
		{3E1D1B3C-E7D4-4865-9DEE-D8A1AE087E71}.Release|Any CPU.Build.0 = Release|Any CPU
	EndGlobalSection
	GlobalSection(SolutionProperties) = preSolution
		HideSolutionNode = FALSE
	EndGlobalSection
	GlobalSection(ExtensibilityGlobals) = postSolution
		SolutionGuid = {7714FCED-E2A5-46DC-8A22-F8600DA6ECCC}
	EndGlobalSection
EndGlobal
