
Microsoft Visual Studio Solution File, Format Version 12.00
# Visual Studio Version 16
VisualStudioVersion = 16.0.33130.400
MinimumVisualStudioVersion = 10.0.40219.1
Project("{FAE04EC0-301F-11D3-BF4B-00C04F79EFBC}") = "A_One_Berrios_Sean", "A_One_Berrios_Sean.csproj", "{73346353-3C58-4E94-AD7A-0511493F3689}"
EndProject
Project("{FAE04EC0-301F-11D3-BF4B-00C04F79EFBC}") = "secNumGUI", "secNumGUI\secNumGUI.csproj", "{415ECE9E-9B8E-422F-8F47-6D961761CDFF}"
EndProject
Project("{FAE04EC0-301F-11D3-BF4B-00C04F79EFBC}") = "selfHostingService", "selfHostingService\selfHostingService.csproj", "{4D66A680-B7C3-4199-BA6E-4939D4F95634}"
EndProject
Project("{FAE04EC0-301F-11D3-BF4B-00C04F79EFBC}") = "selfHostingClient", "selfHostingClient\selfHostingClient.csproj", "{68F225D7-C84B-46B8-8F55-D0BF8718D7F4}"
EndProject
Global
	GlobalSection(SolutionConfigurationPlatforms) = preSolution
		Debug|Any CPU = Debug|Any CPU
		Release|Any CPU = Release|Any CPU
	EndGlobalSection
	GlobalSection(ProjectConfigurationPlatforms) = postSolution
		{73346353-3C58-4E94-AD7A-0511493F3689}.Debug|Any CPU.ActiveCfg = Debug|Any CPU
		{73346353-3C58-4E94-AD7A-0511493F3689}.Debug|Any CPU.Build.0 = Debug|Any CPU
		{73346353-3C58-4E94-AD7A-0511493F3689}.Release|Any CPU.ActiveCfg = Release|Any CPU
		{73346353-3C58-4E94-AD7A-0511493F3689}.Release|Any CPU.Build.0 = Release|Any CPU
		{415ECE9E-9B8E-422F-8F47-6D961761CDFF}.Debug|Any CPU.ActiveCfg = Debug|Any CPU
		{415ECE9E-9B8E-422F-8F47-6D961761CDFF}.Debug|Any CPU.Build.0 = Debug|Any CPU
		{415ECE9E-9B8E-422F-8F47-6D961761CDFF}.Release|Any CPU.ActiveCfg = Release|Any CPU
		{415ECE9E-9B8E-422F-8F47-6D961761CDFF}.Release|Any CPU.Build.0 = Release|Any CPU
		{4D66A680-B7C3-4199-BA6E-4939D4F95634}.Debug|Any CPU.ActiveCfg = Debug|Any CPU
		{4D66A680-B7C3-4199-BA6E-4939D4F95634}.Debug|Any CPU.Build.0 = Debug|Any CPU
		{4D66A680-B7C3-4199-BA6E-4939D4F95634}.Release|Any CPU.ActiveCfg = Release|Any CPU
		{4D66A680-B7C3-4199-BA6E-4939D4F95634}.Release|Any CPU.Build.0 = Release|Any CPU
		{68F225D7-C84B-46B8-8F55-D0BF8718D7F4}.Debug|Any CPU.ActiveCfg = Debug|Any CPU
		{68F225D7-C84B-46B8-8F55-D0BF8718D7F4}.Debug|Any CPU.Build.0 = Debug|Any CPU
		{68F225D7-C84B-46B8-8F55-D0BF8718D7F4}.Release|Any CPU.ActiveCfg = Release|Any CPU
		{68F225D7-C84B-46B8-8F55-D0BF8718D7F4}.Release|Any CPU.Build.0 = Release|Any CPU
	EndGlobalSection
	GlobalSection(SolutionProperties) = preSolution
		HideSolutionNode = FALSE
	EndGlobalSection
	GlobalSection(ExtensibilityGlobals) = postSolution
		SolutionGuid = {57FFD6C5-9E7D-432F-AFF5-DD2C55BCD7A6}
	EndGlobalSection
EndGlobal
